
Microsoft Visual Studio Solution File, Format Version 12.00
# Visual Studio Version 17
VisualStudioVersion = 17.5.33424.131
MinimumVisualStudioVersion = 10.0.40219.1
Project("{FAE04EC0-301F-11D3-BF4B-00C04F79EFBC}") = "DuyKhang_2080601290", "DuyKhang_2080601290\DuyKhang_2080601290.csproj", "{9373F77E-79E1-4CC6-92B2-BDCB62D59914}"
EndProject
Global
	GlobalSection(SolutionConfigurationPlatforms) = preSolution
		Debug|Any CPU = Debug|Any CPU
		Release|Any CPU = Release|Any CPU
	EndGlobalSection
	GlobalSection(ProjectConfigurationPlatforms) = postSolution
		{9373F77E-79E1-4CC6-92B2-BDCB62D59914}.Debug|Any CPU.ActiveCfg = Debug|Any CPU
		{9373F77E-79E1-4CC6-92B2-BDCB62D59914}.Debug|Any CPU.Build.0 = Debug|Any CPU
		{9373F77E-79E1-4CC6-92B2-BDCB62D59914}.Release|Any CPU.ActiveCfg = Release|Any CPU
		{9373F77E-79E1-4CC6-92B2-BDCB62D59914}.Release|Any CPU.Build.0 = Release|Any CPU
	EndGlobalSection
	GlobalSection(SolutionProperties) = preSolution
		HideSolutionNode = FALSE
	EndGlobalSection
	GlobalSection(ExtensibilityGlobals) = postSolution
		SolutionGuid = {C3E4758B-6C65-46D0-90F3-C13825681B9C}
	EndGlobalSection
EndGlobal
